// !$*UTF8*$!
{
	archiveVersion = 1;
	classes = {
	};
	objectVersion = 60;
	objects = {

/* Begin PBXBuildFile section */
		FA08D1322B2C60B100D63EB3 /* App.swift in Sources */ = {isa = PBXBuildFile; fileRef = FA08D1312B2C60B100D63EB3 /* App.swift */; };
		FA08D1342B2C61D300D63EB3 /* GlobalState.swift in Sources */ = {isa = PBXBuildFile; fileRef = FA08D1332B2C61D300D63EB3 /* GlobalState.swift */; };
		FA7E98182B35E65A00D3C5F8 /* AbsintheSocketTransport in Frameworks */ = {isa = PBXBuildFile; productRef = FA7E98172B35E65A00D3C5F8 /* AbsintheSocketTransport */; };
		FA7E981A2B35E6C100D3C5F8 /* HelloWorld.graphql in Resources */ = {isa = PBXBuildFile; fileRef = FA7E98192B35E6C100D3C5F8 /* HelloWorld.graphql */; };
		FAAB08412B2C8D4A0088F36F /* Pages.swift in Sources */ = {isa = PBXBuildFile; fileRef = FAAB08402B2C8D4A0088F36F /* Pages.swift */; };
		FAAB08442B2CB87A0088F36F /* Header.swift in Sources */ = {isa = PBXBuildFile; fileRef = FAAB08432B2CB87A0088F36F /* Header.swift */; };
		FAAB08472B2CBCE60088F36F /* Apollo in Frameworks */ = {isa = PBXBuildFile; productRef = FAAB08462B2CBCE60088F36F /* Apollo */; };
		FAAB08492B2CBCE60088F36F /* ApolloAPI in Frameworks */ = {isa = PBXBuildFile; productRef = FAAB08482B2CBCE60088F36F /* ApolloAPI */; };
		FAAB084B2B2CBCE60088F36F /* ApolloSQLite in Frameworks */ = {isa = PBXBuildFile; productRef = FAAB084A2B2CBCE60088F36F /* ApolloSQLite */; };
		FAAB084D2B2CBCE60088F36F /* ApolloTestSupport in Frameworks */ = {isa = PBXBuildFile; productRef = FAAB084C2B2CBCE60088F36F /* ApolloTestSupport */; };
		FAAB084F2B2D39130088F36F /* LandingPage.swift in Sources */ = {isa = PBXBuildFile; fileRef = FAAB084E2B2D39130088F36F /* LandingPage.swift */; };
		FAAB08512B2D3EB70088F36F /* Client.swift in Sources */ = {isa = PBXBuildFile; fileRef = FAAB08502B2D3EB70088F36F /* Client.swift */; };
		FAAB08532B2D3F6A0088F36F /* ApolloWebSocket in Frameworks */ = {isa = PBXBuildFile; productRef = FAAB08522B2D3F6A0088F36F /* ApolloWebSocket */; };
		FAAB08552B2D40010088F36F /* Config.swift in Sources */ = {isa = PBXBuildFile; fileRef = FAAB08542B2D40010088F36F /* Config.swift */; };
		FAAB085B2B2DE52A0088F36F /* LanguageKitAPI in Frameworks */ = {isa = PBXBuildFile; productRef = FAAB085A2B2DE52A0088F36F /* LanguageKitAPI */; };
		FAAB085E2B2E93470088F36F /* Signup.graphql in Resources */ = {isa = PBXBuildFile; fileRef = FAAB085D2B2E93470088F36F /* Signup.graphql */; };
		FAAB08602B2E93560088F36F /* Login.graphql in Resources */ = {isa = PBXBuildFile; fileRef = FAAB085F2B2E93560088F36F /* Login.graphql */; };
		FAF86CF52B253D99009D513B /* ContentView.swift in Sources */ = {isa = PBXBuildFile; fileRef = FAF86CF42B253D99009D513B /* ContentView.swift */; };
		FAF86CF92B253D9B009D513B /* Assets.xcassets in Resources */ = {isa = PBXBuildFile; fileRef = FAF86CF82B253D9B009D513B /* Assets.xcassets */; };
		FAF86CFC2B253D9B009D513B /* Preview Assets.xcassets in Resources */ = {isa = PBXBuildFile; fileRef = FAF86CFB2B253D9B009D513B /* Preview Assets.xcassets */; };
		FAF86D062B253D9C009D513B /* LanguageKitTests.swift in Sources */ = {isa = PBXBuildFile; fileRef = FAF86D052B253D9C009D513B /* LanguageKitTests.swift */; };
		FAF86D102B253D9C009D513B /* LanguageKitUITests.swift in Sources */ = {isa = PBXBuildFile; fileRef = FAF86D0F2B253D9C009D513B /* LanguageKitUITests.swift */; };
		FAF86D122B253D9C009D513B /* LanguageKitUITestsLaunchTests.swift in Sources */ = {isa = PBXBuildFile; fileRef = FAF86D112B253D9C009D513B /* LanguageKitUITestsLaunchTests.swift */; };
/* End PBXBuildFile section */

/* Begin PBXContainerItemProxy section */
		FAF86D022B253D9C009D513B /* PBXContainerItemProxy */ = {
			isa = PBXContainerItemProxy;
			containerPortal = FAF86CE72B253D99009D513B /* Project object */;
			proxyType = 1;
			remoteGlobalIDString = FAF86CEE2B253D99009D513B;
			remoteInfo = LanguageKit;
		};
		FAF86D0C2B253D9C009D513B /* PBXContainerItemProxy */ = {
			isa = PBXContainerItemProxy;
			containerPortal = FAF86CE72B253D99009D513B /* Project object */;
			proxyType = 1;
			remoteGlobalIDString = FAF86CEE2B253D99009D513B;
			remoteInfo = LanguageKit;
		};
/* End PBXContainerItemProxy section */

/* Begin PBXFileReference section */
		FA08D1312B2C60B100D63EB3 /* App.swift */ = {isa = PBXFileReference; lastKnownFileType = sourcecode.swift; path = App.swift; sourceTree = "<group>"; };
		FA08D1332B2C61D300D63EB3 /* GlobalState.swift */ = {isa = PBXFileReference; lastKnownFileType = sourcecode.swift; path = GlobalState.swift; sourceTree = "<group>"; };
		FA7E98192B35E6C100D3C5F8 /* HelloWorld.graphql */ = {isa = PBXFileReference; lastKnownFileType = text; path = HelloWorld.graphql; sourceTree = "<group>"; };
		FAAB08402B2C8D4A0088F36F /* Pages.swift */ = {isa = PBXFileReference; lastKnownFileType = sourcecode.swift; path = Pages.swift; sourceTree = "<group>"; };
		FAAB08432B2CB87A0088F36F /* Header.swift */ = {isa = PBXFileReference; lastKnownFileType = sourcecode.swift; path = Header.swift; sourceTree = "<group>"; };
		FAAB084E2B2D39130088F36F /* LandingPage.swift */ = {isa = PBXFileReference; lastKnownFileType = sourcecode.swift; path = LandingPage.swift; sourceTree = "<group>"; };
		FAAB08502B2D3EB70088F36F /* Client.swift */ = {isa = PBXFileReference; lastKnownFileType = sourcecode.swift; path = Client.swift; sourceTree = "<group>"; };
		FAAB08542B2D40010088F36F /* Config.swift */ = {isa = PBXFileReference; lastKnownFileType = sourcecode.swift; path = Config.swift; sourceTree = "<group>"; };
		FAAB085D2B2E93470088F36F /* Signup.graphql */ = {isa = PBXFileReference; lastKnownFileType = text; path = Signup.graphql; sourceTree = "<group>"; };
		FAAB085F2B2E93560088F36F /* Login.graphql */ = {isa = PBXFileReference; lastKnownFileType = text; path = Login.graphql; sourceTree = "<group>"; };
		FAF86CEF2B253D99009D513B /* LanguageKit.app */ = {isa = PBXFileReference; explicitFileType = wrapper.application; includeInIndex = 0; path = LanguageKit.app; sourceTree = BUILT_PRODUCTS_DIR; };
		FAF86CF42B253D99009D513B /* ContentView.swift */ = {isa = PBXFileReference; lastKnownFileType = sourcecode.swift; path = ContentView.swift; sourceTree = "<group>"; };
		FAF86CF82B253D9B009D513B /* Assets.xcassets */ = {isa = PBXFileReference; lastKnownFileType = folder.assetcatalog; path = Assets.xcassets; sourceTree = "<group>"; };
		FAF86CFB2B253D9B009D513B /* Preview Assets.xcassets */ = {isa = PBXFileReference; lastKnownFileType = folder.assetcatalog; path = "Preview Assets.xcassets"; sourceTree = "<group>"; };
		FAF86D012B253D9C009D513B /* LanguageKitTests.xctest */ = {isa = PBXFileReference; explicitFileType = wrapper.cfbundle; includeInIndex = 0; path = LanguageKitTests.xctest; sourceTree = BUILT_PRODUCTS_DIR; };
		FAF86D052B253D9C009D513B /* LanguageKitTests.swift */ = {isa = PBXFileReference; lastKnownFileType = sourcecode.swift; path = LanguageKitTests.swift; sourceTree = "<group>"; };
		FAF86D0B2B253D9C009D513B /* LanguageKitUITests.xctest */ = {isa = PBXFileReference; explicitFileType = wrapper.cfbundle; includeInIndex = 0; path = LanguageKitUITests.xctest; sourceTree = BUILT_PRODUCTS_DIR; };
		FAF86D0F2B253D9C009D513B /* LanguageKitUITests.swift */ = {isa = PBXFileReference; lastKnownFileType = sourcecode.swift; path = LanguageKitUITests.swift; sourceTree = "<group>"; };
		FAF86D112B253D9C009D513B /* LanguageKitUITestsLaunchTests.swift */ = {isa = PBXFileReference; lastKnownFileType = sourcecode.swift; path = LanguageKitUITestsLaunchTests.swift; sourceTree = "<group>"; };
/* End PBXFileReference section */

/* Begin PBXFrameworksBuildPhase section */
		FAF86CEC2B253D99009D513B /* Frameworks */ = {
			isa = PBXFrameworksBuildPhase;
			buildActionMask = 2147483647;
			files = (
				FAAB08492B2CBCE60088F36F /* ApolloAPI in Frameworks */,
				FAAB084D2B2CBCE60088F36F /* ApolloTestSupport in Frameworks */,
				FA7E98182B35E65A00D3C5F8 /* AbsintheSocketTransport in Frameworks */,
				FAAB08532B2D3F6A0088F36F /* ApolloWebSocket in Frameworks */,
				FAAB08472B2CBCE60088F36F /* Apollo in Frameworks */,
				FAAB084B2B2CBCE60088F36F /* ApolloSQLite in Frameworks */,
				FAAB085B2B2DE52A0088F36F /* LanguageKitAPI in Frameworks */,
			);
			runOnlyForDeploymentPostprocessing = 0;
		};
		FAF86CFE2B253D9C009D513B /* Frameworks */ = {
			isa = PBXFrameworksBuildPhase;
			buildActionMask = 2147483647;
			files = (
			);
			runOnlyForDeploymentPostprocessing = 0;
		};
		FAF86D082B253D9C009D513B /* Frameworks */ = {
			isa = PBXFrameworksBuildPhase;
			buildActionMask = 2147483647;
			files = (
			);
			runOnlyForDeploymentPostprocessing = 0;
		};
/* End PBXFrameworksBuildPhase section */

/* Begin PBXGroup section */
		FAAB085C2B2E92C30088F36F /* LandingPage */ = {
			isa = PBXGroup;
			children = (
				FAAB084E2B2D39130088F36F /* LandingPage.swift */,
				FAAB085D2B2E93470088F36F /* Signup.graphql */,
				FAAB085F2B2E93560088F36F /* Login.graphql */,
			);
			path = LandingPage;
			sourceTree = "<group>";
		};
		FAF86CE62B253D99009D513B = {
			isa = PBXGroup;
			children = (
				FAF86CF12B253D99009D513B /* LanguageKit */,
				FAF86D042B253D9C009D513B /* LanguageKitTests */,
				FAF86D0E2B253D9C009D513B /* LanguageKitUITests */,
				FAF86CF02B253D99009D513B /* Products */,
			);
			sourceTree = "<group>";
		};
		FAF86CF02B253D99009D513B /* Products */ = {
			isa = PBXGroup;
			children = (
				FAF86CEF2B253D99009D513B /* LanguageKit.app */,
				FAF86D012B253D9C009D513B /* LanguageKitTests.xctest */,
				FAF86D0B2B253D9C009D513B /* LanguageKitUITests.xctest */,
			);
			name = Products;
			sourceTree = "<group>";
		};
		FAF86CF12B253D99009D513B /* LanguageKit */ = {
			isa = PBXGroup;
			children = (
				FAAB085C2B2E92C30088F36F /* LandingPage */,
				FAF86CF82B253D9B009D513B /* Assets.xcassets */,
				FAAB08542B2D40010088F36F /* Config.swift */,
				FAAB08502B2D3EB70088F36F /* Client.swift */,
				FA08D1312B2C60B100D63EB3 /* App.swift */,
				FA08D1332B2C61D300D63EB3 /* GlobalState.swift */,
				FAF86CF42B253D99009D513B /* ContentView.swift */,
				FAAB08432B2CB87A0088F36F /* Header.swift */,
				FAAB08402B2C8D4A0088F36F /* Pages.swift */,
				FAF86CFA2B253D9B009D513B /* Preview Content */,
				FA7E98192B35E6C100D3C5F8 /* HelloWorld.graphql */,
			);
			path = LanguageKit;
			sourceTree = "<group>";
		};
		FAF86CFA2B253D9B009D513B /* Preview Content */ = {
			isa = PBXGroup;
			children = (
				FAF86CFB2B253D9B009D513B /* Preview Assets.xcassets */,
			);
			path = "Preview Content";
			sourceTree = "<group>";
		};
		FAF86D042B253D9C009D513B /* LanguageKitTests */ = {
			isa = PBXGroup;
			children = (
				FAF86D052B253D9C009D513B /* LanguageKitTests.swift */,
			);
			path = LanguageKitTests;
			sourceTree = "<group>";
		};
		FAF86D0E2B253D9C009D513B /* LanguageKitUITests */ = {
			isa = PBXGroup;
			children = (
				FAF86D0F2B253D9C009D513B /* LanguageKitUITests.swift */,
				FAF86D112B253D9C009D513B /* LanguageKitUITestsLaunchTests.swift */,
			);
			path = LanguageKitUITests;
			sourceTree = "<group>";
		};
/* End PBXGroup section */

/* Begin PBXNativeTarget section */
		FAF86CEE2B253D99009D513B /* LanguageKit */ = {
			isa = PBXNativeTarget;
			buildConfigurationList = FAF86D152B253D9C009D513B /* Build configuration list for PBXNativeTarget "LanguageKit" */;
			buildPhases = (
				FAF86CEB2B253D99009D513B /* Sources */,
				FAF86CEC2B253D99009D513B /* Frameworks */,
				FAF86CED2B253D99009D513B /* Resources */,
			);
			buildRules = (
			);
			dependencies = (
			);
			name = LanguageKit;
			packageProductDependencies = (
				FAAB08462B2CBCE60088F36F /* Apollo */,
				FAAB08482B2CBCE60088F36F /* ApolloAPI */,
				FAAB084A2B2CBCE60088F36F /* ApolloSQLite */,
				FAAB084C2B2CBCE60088F36F /* ApolloTestSupport */,
				FAAB08522B2D3F6A0088F36F /* ApolloWebSocket */,
				FAAB085A2B2DE52A0088F36F /* LanguageKitAPI */,
				FA7E98172B35E65A00D3C5F8 /* AbsintheSocketTransport */,
			);
			productName = LanguageKit;
			productReference = FAF86CEF2B253D99009D513B /* LanguageKit.app */;
			productType = "com.apple.product-type.application";
		};
		FAF86D002B253D9C009D513B /* LanguageKitTests */ = {
			isa = PBXNativeTarget;
			buildConfigurationList = FAF86D182B253D9C009D513B /* Build configuration list for PBXNativeTarget "LanguageKitTests" */;
			buildPhases = (
				FAF86CFD2B253D9C009D513B /* Sources */,
				FAF86CFE2B253D9C009D513B /* Frameworks */,
				FAF86CFF2B253D9C009D513B /* Resources */,
			);
			buildRules = (
			);
			dependencies = (
				FAF86D032B253D9C009D513B /* PBXTargetDependency */,
			);
			name = LanguageKitTests;
			productName = LanguageKitTests;
			productReference = FAF86D012B253D9C009D513B /* LanguageKitTests.xctest */;
			productType = "com.apple.product-type.bundle.unit-test";
		};
		FAF86D0A2B253D9C009D513B /* LanguageKitUITests */ = {
			isa = PBXNativeTarget;
			buildConfigurationList = FAF86D1B2B253D9C009D513B /* Build configuration list for PBXNativeTarget "LanguageKitUITests" */;
			buildPhases = (
				FAF86D072B253D9C009D513B /* Sources */,
				FAF86D082B253D9C009D513B /* Frameworks */,
				FAF86D092B253D9C009D513B /* Resources */,
			);
			buildRules = (
			);
			dependencies = (
				FAF86D0D2B253D9C009D513B /* PBXTargetDependency */,
			);
			name = LanguageKitUITests;
			productName = LanguageKitUITests;
			productReference = FAF86D0B2B253D9C009D513B /* LanguageKitUITests.xctest */;
			productType = "com.apple.product-type.bundle.ui-testing";
		};
/* End PBXNativeTarget section */

/* Begin PBXProject section */
		FAF86CE72B253D99009D513B /* Project object */ = {
			isa = PBXProject;
			attributes = {
				BuildIndependentTargetsInParallel = 1;
				LastSwiftUpdateCheck = 1500;
				LastUpgradeCheck = 1500;
				TargetAttributes = {
					FAF86CEE2B253D99009D513B = {
						CreatedOnToolsVersion = 15.0.1;
					};
					FAF86D002B253D9C009D513B = {
						CreatedOnToolsVersion = 15.0.1;
						TestTargetID = FAF86CEE2B253D99009D513B;
					};
					FAF86D0A2B253D9C009D513B = {
						CreatedOnToolsVersion = 15.0.1;
						TestTargetID = FAF86CEE2B253D99009D513B;
					};
				};
			};
			buildConfigurationList = FAF86CEA2B253D99009D513B /* Build configuration list for PBXProject "LanguageKit" */;
			compatibilityVersion = "Xcode 14.0";
			developmentRegion = en;
			hasScannedForEncodings = 0;
			knownRegions = (
				en,
				Base,
			);
			mainGroup = FAF86CE62B253D99009D513B;
			packageReferences = (
				FAAB08452B2CBCE60088F36F /* XCRemoteSwiftPackageReference "apollo-ios" */,
				FAAB08592B2DE52A0088F36F /* XCLocalSwiftPackageReference "LanguageKitAPI" */,
				FA7E98162B35E65A00D3C5F8 /* XCRemoteSwiftPackageReference "absinthe-socket-transport" */,
			);
			productRefGroup = FAF86CF02B253D99009D513B /* Products */;
			projectDirPath = "";
			projectRoot = "";
			targets = (
				FAF86CEE2B253D99009D513B /* LanguageKit */,
				FAF86D002B253D9C009D513B /* LanguageKitTests */,
				FAF86D0A2B253D9C009D513B /* LanguageKitUITests */,
			);
		};
/* End PBXProject section */

/* Begin PBXResourcesBuildPhase section */
		FAF86CED2B253D99009D513B /* Resources */ = {
			isa = PBXResourcesBuildPhase;
			buildActionMask = 2147483647;
			files = (
				FAF86CFC2B253D9B009D513B /* Preview Assets.xcassets in Resources */,
				FAAB085E2B2E93470088F36F /* Signup.graphql in Resources */,
				FAF86CF92B253D9B009D513B /* Assets.xcassets in Resources */,
				FA7E981A2B35E6C100D3C5F8 /* HelloWorld.graphql in Resources */,
				FAAB08602B2E93560088F36F /* Login.graphql in Resources */,
			);
			runOnlyForDeploymentPostprocessing = 0;
		};
		FAF86CFF2B253D9C009D513B /* Resources */ = {
			isa = PBXResourcesBuildPhase;
			buildActionMask = 2147483647;
			files = (
			);
			runOnlyForDeploymentPostprocessing = 0;
		};
		FAF86D092B253D9C009D513B /* Resources */ = {
			isa = PBXResourcesBuildPhase;
			buildActionMask = 2147483647;
			files = (
			);
			runOnlyForDeploymentPostprocessing = 0;
		};
/* End PBXResourcesBuildPhase section */

/* Begin PBXSourcesBuildPhase section */
		FAF86CEB2B253D99009D513B /* Sources */ = {
			isa = PBXSourcesBuildPhase;
			buildActionMask = 2147483647;
			files = (
				FAAB08442B2CB87A0088F36F /* Header.swift in Sources */,
				FAF86CF52B253D99009D513B /* ContentView.swift in Sources */,
				FA08D1322B2C60B100D63EB3 /* App.swift in Sources */,
				FAAB08512B2D3EB70088F36F /* Client.swift in Sources */,
				FAAB084F2B2D39130088F36F /* LandingPage.swift in Sources */,
				FAAB08552B2D40010088F36F /* Config.swift in Sources */,
				FA08D1342B2C61D300D63EB3 /* GlobalState.swift in Sources */,
				FAAB08412B2C8D4A0088F36F /* Pages.swift in Sources */,
			);
			runOnlyForDeploymentPostprocessing = 0;
		};
		FAF86CFD2B253D9C009D513B /* Sources */ = {
			isa = PBXSourcesBuildPhase;
			buildActionMask = 2147483647;
			files = (
				FAF86D062B253D9C009D513B /* LanguageKitTests.swift in Sources */,
			);
			runOnlyForDeploymentPostprocessing = 0;
		};
		FAF86D072B253D9C009D513B /* Sources */ = {
			isa = PBXSourcesBuildPhase;
			buildActionMask = 2147483647;
			files = (
				FAF86D102B253D9C009D513B /* LanguageKitUITests.swift in Sources */,
				FAF86D122B253D9C009D513B /* LanguageKitUITestsLaunchTests.swift in Sources */,
			);
			runOnlyForDeploymentPostprocessing = 0;
		};
/* End PBXSourcesBuildPhase section */

/* Begin PBXTargetDependency section */
		FAF86D032B253D9C009D513B /* PBXTargetDependency */ = {
			isa = PBXTargetDependency;
			target = FAF86CEE2B253D99009D513B /* LanguageKit */;
			targetProxy = FAF86D022B253D9C009D513B /* PBXContainerItemProxy */;
		};
		FAF86D0D2B253D9C009D513B /* PBXTargetDependency */ = {
			isa = PBXTargetDependency;
			target = FAF86CEE2B253D99009D513B /* LanguageKit */;
			targetProxy = FAF86D0C2B253D9C009D513B /* PBXContainerItemProxy */;
		};
/* End PBXTargetDependency section */

/* Begin XCBuildConfiguration section */
		FAF86D132B253D9C009D513B /* Debug */ = {
			isa = XCBuildConfiguration;
			buildSettings = {
				ALWAYS_SEARCH_USER_PATHS = NO;
				ASSETCATALOG_COMPILER_GENERATE_SWIFT_ASSET_SYMBOL_EXTENSIONS = YES;
				CLANG_ANALYZER_NONNULL = YES;
				CLANG_ANALYZER_NUMBER_OBJECT_CONVERSION = YES_AGGRESSIVE;
				CLANG_CXX_LANGUAGE_STANDARD = "gnu++20";
				CLANG_ENABLE_MODULES = YES;
				CLANG_ENABLE_OBJC_ARC = YES;
				CLANG_ENABLE_OBJC_WEAK = YES;
				CLANG_WARN_BLOCK_CAPTURE_AUTORELEASING = YES;
				CLANG_WARN_BOOL_CONVERSION = YES;
				CLANG_WARN_COMMA = YES;
				CLANG_WARN_CONSTANT_CONVERSION = YES;
				CLANG_WARN_DEPRECATED_OBJC_IMPLEMENTATIONS = YES;
				CLANG_WARN_DIRECT_OBJC_ISA_USAGE = YES_ERROR;
				CLANG_WARN_DOCUMENTATION_COMMENTS = YES;
				CLANG_WARN_EMPTY_BODY = YES;
				CLANG_WARN_ENUM_CONVERSION = YES;
				CLANG_WARN_INFINITE_RECURSION = YES;
				CLANG_WARN_INT_CONVERSION = YES;
				CLANG_WARN_NON_LITERAL_NULL_CONVERSION = YES;
				CLANG_WARN_OBJC_IMPLICIT_RETAIN_SELF = YES;
				CLANG_WARN_OBJC_LITERAL_CONVERSION = YES;
				CLANG_WARN_OBJC_ROOT_CLASS = YES_ERROR;
				CLANG_WARN_QUOTED_INCLUDE_IN_FRAMEWORK_HEADER = YES;
				CLANG_WARN_RANGE_LOOP_ANALYSIS = YES;
				CLANG_WARN_STRICT_PROTOTYPES = YES;
				CLANG_WARN_SUSPICIOUS_MOVE = YES;
				CLANG_WARN_UNGUARDED_AVAILABILITY = YES_AGGRESSIVE;
				CLANG_WARN_UNREACHABLE_CODE = YES;
				CLANG_WARN__DUPLICATE_METHOD_MATCH = YES;
				COPY_PHASE_STRIP = NO;
				DEBUG_INFORMATION_FORMAT = dwarf;
				ENABLE_STRICT_OBJC_MSGSEND = YES;
				ENABLE_TESTABILITY = YES;
				ENABLE_USER_SCRIPT_SANDBOXING = YES;
				GCC_C_LANGUAGE_STANDARD = gnu17;
				GCC_DYNAMIC_NO_PIC = NO;
				GCC_NO_COMMON_BLOCKS = YES;
				GCC_OPTIMIZATION_LEVEL = 0;
				GCC_PREPROCESSOR_DEFINITIONS = (
					"DEBUG=1",
					"$(inherited)",
				);
				GCC_WARN_64_TO_32_BIT_CONVERSION = YES;
				GCC_WARN_ABOUT_RETURN_TYPE = YES_ERROR;
				GCC_WARN_UNDECLARED_SELECTOR = YES;
				GCC_WARN_UNINITIALIZED_AUTOS = YES_AGGRESSIVE;
				GCC_WARN_UNUSED_FUNCTION = YES;
				GCC_WARN_UNUSED_VARIABLE = YES;
				IPHONEOS_DEPLOYMENT_TARGET = 17.0;
				LOCALIZATION_PREFERS_STRING_CATALOGS = YES;
				MTL_ENABLE_DEBUG_INFO = INCLUDE_SOURCE;
				MTL_FAST_MATH = YES;
				ONLY_ACTIVE_ARCH = YES;
				SDKROOT = iphoneos;
				SWIFT_ACTIVE_COMPILATION_CONDITIONS = "DEBUG $(inherited)";
				SWIFT_OPTIMIZATION_LEVEL = "-Onone";
			};
			name = Debug;
		};
		FAF86D142B253D9C009D513B /* Release */ = {
			isa = XCBuildConfiguration;
			buildSettings = {
				ALWAYS_SEARCH_USER_PATHS = NO;
				ASSETCATALOG_COMPILER_GENERATE_SWIFT_ASSET_SYMBOL_EXTENSIONS = YES;
				CLANG_ANALYZER_NONNULL = YES;
				CLANG_ANALYZER_NUMBER_OBJECT_CONVERSION = YES_AGGRESSIVE;
				CLANG_CXX_LANGUAGE_STANDARD = "gnu++20";
				CLANG_ENABLE_MODULES = YES;
				CLANG_ENABLE_OBJC_ARC = YES;
				CLANG_ENABLE_OBJC_WEAK = YES;
				CLANG_WARN_BLOCK_CAPTURE_AUTORELEASING = YES;
				CLANG_WARN_BOOL_CONVERSION = YES;
				CLANG_WARN_COMMA = YES;
				CLANG_WARN_CONSTANT_CONVERSION = YES;
				CLANG_WARN_DEPRECATED_OBJC_IMPLEMENTATIONS = YES;
				CLANG_WARN_DIRECT_OBJC_ISA_USAGE = YES_ERROR;
				CLANG_WARN_DOCUMENTATION_COMMENTS = YES;
				CLANG_WARN_EMPTY_BODY = YES;
				CLANG_WARN_ENUM_CONVERSION = YES;
				CLANG_WARN_INFINITE_RECURSION = YES;
				CLANG_WARN_INT_CONVERSION = YES;
				CLANG_WARN_NON_LITERAL_NULL_CONVERSION = YES;
				CLANG_WARN_OBJC_IMPLICIT_RETAIN_SELF = YES;
				CLANG_WARN_OBJC_LITERAL_CONVERSION = YES;
				CLANG_WARN_OBJC_ROOT_CLASS = YES_ERROR;
				CLANG_WARN_QUOTED_INCLUDE_IN_FRAMEWORK_HEADER = YES;
				CLANG_WARN_RANGE_LOOP_ANALYSIS = YES;
				CLANG_WARN_STRICT_PROTOTYPES = YES;
				CLANG_WARN_SUSPICIOUS_MOVE = YES;
				CLANG_WARN_UNGUARDED_AVAILABILITY = YES_AGGRESSIVE;
				CLANG_WARN_UNREACHABLE_CODE = YES;
				CLANG_WARN__DUPLICATE_METHOD_MATCH = YES;
				COPY_PHASE_STRIP = NO;
				DEBUG_INFORMATION_FORMAT = "dwarf-with-dsym";
				ENABLE_NS_ASSERTIONS = NO;
				ENABLE_STRICT_OBJC_MSGSEND = YES;
				ENABLE_USER_SCRIPT_SANDBOXING = YES;
				GCC_C_LANGUAGE_STANDARD = gnu17;
				GCC_NO_COMMON_BLOCKS = YES;
				GCC_WARN_64_TO_32_BIT_CONVERSION = YES;
				GCC_WARN_ABOUT_RETURN_TYPE = YES_ERROR;
				GCC_WARN_UNDECLARED_SELECTOR = YES;
				GCC_WARN_UNINITIALIZED_AUTOS = YES_AGGRESSIVE;
				GCC_WARN_UNUSED_FUNCTION = YES;
				GCC_WARN_UNUSED_VARIABLE = YES;
				IPHONEOS_DEPLOYMENT_TARGET = 17.0;
				LOCALIZATION_PREFERS_STRING_CATALOGS = YES;
				MTL_ENABLE_DEBUG_INFO = NO;
				MTL_FAST_MATH = YES;
				SDKROOT = iphoneos;
				SWIFT_COMPILATION_MODE = wholemodule;
				VALIDATE_PRODUCT = YES;
			};
			name = Release;
		};
		FAF86D162B253D9C009D513B /* Debug */ = {
			isa = XCBuildConfiguration;
			buildSettings = {
				ASSETCATALOG_COMPILER_APPICON_NAME = AppIcon;
				ASSETCATALOG_COMPILER_GLOBAL_ACCENT_COLOR_NAME = AccentColor;
				CODE_SIGN_STYLE = Automatic;
				CURRENT_PROJECT_VERSION = 1;
				DEVELOPMENT_ASSET_PATHS = "\"LanguageKit/Preview Content\"";
				DEVELOPMENT_TEAM = 2HMA85A9SZ;
				ENABLE_PREVIEWS = YES;
				GENERATE_INFOPLIST_FILE = YES;
				INFOPLIST_KEY_UIApplicationSceneManifest_Generation = YES;
				INFOPLIST_KEY_UIApplicationSupportsIndirectInputEvents = YES;
				INFOPLIST_KEY_UILaunchScreen_Generation = YES;
				INFOPLIST_KEY_UISupportedInterfaceOrientations_iPad = "UIInterfaceOrientationPortrait UIInterfaceOrientationPortraitUpsideDown UIInterfaceOrientationLandscapeLeft UIInterfaceOrientationLandscapeRight";
				INFOPLIST_KEY_UISupportedInterfaceOrientations_iPhone = "UIInterfaceOrientationPortrait UIInterfaceOrientationLandscapeLeft UIInterfaceOrientationLandscapeRight";
				LD_RUNPATH_SEARCH_PATHS = (
					"$(inherited)",
					"@executable_path/Frameworks",
				);
				MARKETING_VERSION = 1.0;
				PRODUCT_BUNDLE_IDENTIFIER = co.hashware.LanguageKit;
				PRODUCT_NAME = "$(TARGET_NAME)";
				SWIFT_EMIT_LOC_STRINGS = YES;
				SWIFT_VERSION = 5.0;
				TARGETED_DEVICE_FAMILY = "1,2";
			};
			name = Debug;
		};
		FAF86D172B253D9C009D513B /* Release */ = {
			isa = XCBuildConfiguration;
			buildSettings = {
				ASSETCATALOG_COMPILER_APPICON_NAME = AppIcon;
				ASSETCATALOG_COMPILER_GLOBAL_ACCENT_COLOR_NAME = AccentColor;
				CODE_SIGN_STYLE = Automatic;
				CURRENT_PROJECT_VERSION = 1;
				DEVELOPMENT_ASSET_PATHS = "\"LanguageKit/Preview Content\"";
				DEVELOPMENT_TEAM = 2HMA85A9SZ;
				ENABLE_PREVIEWS = YES;
				GENERATE_INFOPLIST_FILE = YES;
				INFOPLIST_KEY_UIApplicationSceneManifest_Generation = YES;
				INFOPLIST_KEY_UIApplicationSupportsIndirectInputEvents = YES;
				INFOPLIST_KEY_UILaunchScreen_Generation = YES;
				INFOPLIST_KEY_UISupportedInterfaceOrientations_iPad = "UIInterfaceOrientationPortrait UIInterfaceOrientationPortraitUpsideDown UIInterfaceOrientationLandscapeLeft UIInterfaceOrientationLandscapeRight";
				INFOPLIST_KEY_UISupportedInterfaceOrientations_iPhone = "UIInterfaceOrientationPortrait UIInterfaceOrientationLandscapeLeft UIInterfaceOrientationLandscapeRight";
				LD_RUNPATH_SEARCH_PATHS = (
					"$(inherited)",
					"@executable_path/Frameworks",
				);
				MARKETING_VERSION = 1.0;
				PRODUCT_BUNDLE_IDENTIFIER = co.hashware.LanguageKit;
				PRODUCT_NAME = "$(TARGET_NAME)";
				SWIFT_EMIT_LOC_STRINGS = YES;
				SWIFT_VERSION = 5.0;
				TARGETED_DEVICE_FAMILY = "1,2";
			};
			name = Release;
		};
		FAF86D192B253D9C009D513B /* Debug */ = {
			isa = XCBuildConfiguration;
			buildSettings = {
				ALWAYS_EMBED_SWIFT_STANDARD_LIBRARIES = YES;
				BUNDLE_LOADER = "$(TEST_HOST)";
				CODE_SIGN_STYLE = Automatic;
				CURRENT_PROJECT_VERSION = 1;
				DEVELOPMENT_TEAM = 2HMA85A9SZ;
				GENERATE_INFOPLIST_FILE = YES;
				IPHONEOS_DEPLOYMENT_TARGET = 17.0;
				MARKETING_VERSION = 1.0;
				PRODUCT_BUNDLE_IDENTIFIER = co.hashware.LanguageKitTests;
				PRODUCT_NAME = "$(TARGET_NAME)";
				SWIFT_EMIT_LOC_STRINGS = NO;
				SWIFT_VERSION = 5.0;
				TARGETED_DEVICE_FAMILY = "1,2";
				TEST_HOST = "$(BUILT_PRODUCTS_DIR)/LanguageKit.app/$(BUNDLE_EXECUTABLE_FOLDER_PATH)/LanguageKit";
			};
			name = Debug;
		};
		FAF86D1A2B253D9C009D513B /* Release */ = {
			isa = XCBuildConfiguration;
			buildSettings = {
				ALWAYS_EMBED_SWIFT_STANDARD_LIBRARIES = YES;
				BUNDLE_LOADER = "$(TEST_HOST)";
				CODE_SIGN_STYLE = Automatic;
				CURRENT_PROJECT_VERSION = 1;
				DEVELOPMENT_TEAM = 2HMA85A9SZ;
				GENERATE_INFOPLIST_FILE = YES;
				IPHONEOS_DEPLOYMENT_TARGET = 17.0;
				MARKETING_VERSION = 1.0;
				PRODUCT_BUNDLE_IDENTIFIER = co.hashware.LanguageKitTests;
				PRODUCT_NAME = "$(TARGET_NAME)";
				SWIFT_EMIT_LOC_STRINGS = NO;
				SWIFT_VERSION = 5.0;
				TARGETED_DEVICE_FAMILY = "1,2";
				TEST_HOST = "$(BUILT_PRODUCTS_DIR)/LanguageKit.app/$(BUNDLE_EXECUTABLE_FOLDER_PATH)/LanguageKit";
			};
			name = Release;
		};
		FAF86D1C2B253D9C009D513B /* Debug */ = {
			isa = XCBuildConfiguration;
			buildSettings = {
				ALWAYS_EMBED_SWIFT_STANDARD_LIBRARIES = YES;
				CODE_SIGN_STYLE = Automatic;
				CURRENT_PROJECT_VERSION = 1;
				DEVELOPMENT_TEAM = 2HMA85A9SZ;
				GENERATE_INFOPLIST_FILE = YES;
				MARKETING_VERSION = 1.0;
				PRODUCT_BUNDLE_IDENTIFIER = co.hashware.LanguageKitUITests;
				PRODUCT_NAME = "$(TARGET_NAME)";
				SWIFT_EMIT_LOC_STRINGS = NO;
				SWIFT_VERSION = 5.0;
				TARGETED_DEVICE_FAMILY = "1,2";
				TEST_TARGET_NAME = LanguageKit;
			};
			name = Debug;
		};
		FAF86D1D2B253D9C009D513B /* Release */ = {
			isa = XCBuildConfiguration;
			buildSettings = {
				ALWAYS_EMBED_SWIFT_STANDARD_LIBRARIES = YES;
				CODE_SIGN_STYLE = Automatic;
				CURRENT_PROJECT_VERSION = 1;
				DEVELOPMENT_TEAM = 2HMA85A9SZ;
				GENERATE_INFOPLIST_FILE = YES;
				MARKETING_VERSION = 1.0;
				PRODUCT_BUNDLE_IDENTIFIER = co.hashware.LanguageKitUITests;
				PRODUCT_NAME = "$(TARGET_NAME)";
				SWIFT_EMIT_LOC_STRINGS = NO;
				SWIFT_VERSION = 5.0;
				TARGETED_DEVICE_FAMILY = "1,2";
				TEST_TARGET_NAME = LanguageKit;
			};
			name = Release;
		};
/* End XCBuildConfiguration section */

/* Begin XCConfigurationList section */
		FAF86CEA2B253D99009D513B /* Build configuration list for PBXProject "LanguageKit" */ = {
			isa = XCConfigurationList;
			buildConfigurations = (
				FAF86D132B253D9C009D513B /* Debug */,
				FAF86D142B253D9C009D513B /* Release */,
			);
			defaultConfigurationIsVisible = 0;
			defaultConfigurationName = Release;
		};
		FAF86D152B253D9C009D513B /* Build configuration list for PBXNativeTarget "LanguageKit" */ = {
			isa = XCConfigurationList;
			buildConfigurations = (
				FAF86D162B253D9C009D513B /* Debug */,
				FAF86D172B253D9C009D513B /* Release */,
			);
			defaultConfigurationIsVisible = 0;
			defaultConfigurationName = Release;
		};
		FAF86D182B253D9C009D513B /* Build configuration list for PBXNativeTarget "LanguageKitTests" */ = {
			isa = XCConfigurationList;
			buildConfigurations = (
				FAF86D192B253D9C009D513B /* Debug */,
				FAF86D1A2B253D9C009D513B /* Release */,
			);
			defaultConfigurationIsVisible = 0;
			defaultConfigurationName = Release;
		};
		FAF86D1B2B253D9C009D513B /* Build configuration list for PBXNativeTarget "LanguageKitUITests" */ = {
			isa = XCConfigurationList;
			buildConfigurations = (
				FAF86D1C2B253D9C009D513B /* Debug */,
				FAF86D1D2B253D9C009D513B /* Release */,
			);
			defaultConfigurationIsVisible = 0;
			defaultConfigurationName = Release;
		};
/* End XCConfigurationList section */

/* Begin XCLocalSwiftPackageReference section */
		FAAB08592B2DE52A0088F36F /* XCLocalSwiftPackageReference "LanguageKitAPI" */ = {
			isa = XCLocalSwiftPackageReference;
			relativePath = LanguageKitAPI;
		};
/* End XCLocalSwiftPackageReference section */

/* Begin XCRemoteSwiftPackageReference section */
		FA7E98162B35E65A00D3C5F8 /* XCRemoteSwiftPackageReference "absinthe-socket-transport" */ = {
			isa = XCRemoteSwiftPackageReference;
			repositoryURL = "https://github.com/alexdaima/absinthe-socket-transport";
			requirement = {
				branch = "version-update";
				kind = branch;
			};
		};
		FAAB08452B2CBCE60088F36F /* XCRemoteSwiftPackageReference "apollo-ios" */ = {
			isa = XCRemoteSwiftPackageReference;
			repositoryURL = "https://github.com/apollographql/apollo-ios.git";
			requirement = {
				kind = upToNextMajorVersion;
				minimumVersion = 1.7.1;
			};
		};
/* End XCRemoteSwiftPackageReference section */

/* Begin XCSwiftPackageProductDependency section */
		FA7E98172B35E65A00D3C5F8 /* AbsintheSocketTransport */ = {
			isa = XCSwiftPackageProductDependency;
			package = FA7E98162B35E65A00D3C5F8 /* XCRemoteSwiftPackageReference "absinthe-socket-transport" */;
			productName = AbsintheSocketTransport;
		};
		FAAB08462B2CBCE60088F36F /* Apollo */ = {
			isa = XCSwiftPackageProductDependency;
			package = FAAB08452B2CBCE60088F36F /* XCRemoteSwiftPackageReference "apollo-ios" */;
			productName = Apollo;
		};
		FAAB08482B2CBCE60088F36F /* ApolloAPI */ = {
			isa = XCSwiftPackageProductDependency;
			package = FAAB08452B2CBCE60088F36F /* XCRemoteSwiftPackageReference "apollo-ios" */;
			productName = ApolloAPI;
		};
		FAAB084A2B2CBCE60088F36F /* ApolloSQLite */ = {
			isa = XCSwiftPackageProductDependency;
			package = FAAB08452B2CBCE60088F36F /* XCRemoteSwiftPackageReference "apollo-ios" */;
			productName = ApolloSQLite;
		};
		FAAB084C2B2CBCE60088F36F /* ApolloTestSupport */ = {
			isa = XCSwiftPackageProductDependency;
			package = FAAB08452B2CBCE60088F36F /* XCRemoteSwiftPackageReference "apollo-ios" */;
			productName = ApolloTestSupport;
		};
		FAAB08522B2D3F6A0088F36F /* ApolloWebSocket */ = {
			isa = XCSwiftPackageProductDependency;
			package = FAAB08452B2CBCE60088F36F /* XCRemoteSwiftPackageReference "apollo-ios" */;
			productName = ApolloWebSocket;
		};
		FAAB085A2B2DE52A0088F36F /* LanguageKitAPI */ = {
			isa = XCSwiftPackageProductDependency;
			productName = LanguageKitAPI;
		};
/* End XCSwiftPackageProductDependency section */
	};
	rootObject = FAF86CE72B253D99009D513B /* Project object */;
}
